
Microsoft Visual Studio Solution File, Format Version 12.00
# Visual Studio Version 16
VisualStudioVersion = 16.0.30907.101
MinimumVisualStudioVersion = 10.0.40219.1
Project("{9A19103F-16F7-4668-BE54-9A1E7A4F7556}") = "DataAccess", "DataAccess\DataAccess.csproj", "{EFBE061D-9D45-4909-A39A-CBF8C6A80026}"
EndProject
Project("{9A19103F-16F7-4668-BE54-9A1E7A4F7556}") = "Business", "Business\Business.csproj", "{0335E3E8-C187-44DE-8732-8AA314F8063B}"
EndProject
Project("{9A19103F-16F7-4668-BE54-9A1E7A4F7556}") = "Entities", "Entities\Entities.csproj", "{AA1AAA63-8D35-417A-BD24-86FA67D7A868}"
EndProject
Project("{9A19103F-16F7-4668-BE54-9A1E7A4F7556}") = "ConsoleUI", "ConsoleUI\ConsoleUI.csproj", "{4E873C04-F0A4-44BB-8783-EE5B0D3428F2}"
EndProject
Project("{9A19103F-16F7-4668-BE54-9A1E7A4F7556}") = "Core", "Core\Core.csproj", "{85D8DE6C-17B7-4A4D-848D-A41B8B91868A}"
EndProject
Project("{FAE04EC0-301F-11D3-BF4B-00C04F79EFBC}") = "WebAPI", "WebAPI\WebAPI.csproj", "{0D4901A4-2E8C-42AF-A53B-3D4350845DE2}"
EndProject
Global
	GlobalSection(SolutionConfigurationPlatforms) = preSolution
		Debug|Any CPU = Debug|Any CPU
		Release|Any CPU = Release|Any CPU
	EndGlobalSection
	GlobalSection(ProjectConfigurationPlatforms) = postSolution
		{EFBE061D-9D45-4909-A39A-CBF8C6A80026}.Debug|Any CPU.ActiveCfg = Debug|Any CPU
		{EFBE061D-9D45-4909-A39A-CBF8C6A80026}.Debug|Any CPU.Build.0 = Debug|Any CPU
		{EFBE061D-9D45-4909-A39A-CBF8C6A80026}.Release|Any CPU.ActiveCfg = Release|Any CPU
		{EFBE061D-9D45-4909-A39A-CBF8C6A80026}.Release|Any CPU.Build.0 = Release|Any CPU
		{0335E3E8-C187-44DE-8732-8AA314F8063B}.Debug|Any CPU.ActiveCfg = Debug|Any CPU
		{0335E3E8-C187-44DE-8732-8AA314F8063B}.Debug|Any CPU.Build.0 = Debug|Any CPU
		{0335E3E8-C187-44DE-8732-8AA314F8063B}.Release|Any CPU.ActiveCfg = Release|Any CPU
		{0335E3E8-C187-44DE-8732-8AA314F8063B}.Release|Any CPU.Build.0 = Release|Any CPU
		{AA1AAA63-8D35-417A-BD24-86FA67D7A868}.Debug|Any CPU.ActiveCfg = Debug|Any CPU
		{AA1AAA63-8D35-417A-BD24-86FA67D7A868}.Debug|Any CPU.Build.0 = Debug|Any CPU
		{AA1AAA63-8D35-417A-BD24-86FA67D7A868}.Release|Any CPU.ActiveCfg = Release|Any CPU
		{AA1AAA63-8D35-417A-BD24-86FA67D7A868}.Release|Any CPU.Build.0 = Release|Any CPU
		{4E873C04-F0A4-44BB-8783-EE5B0D3428F2}.Debug|Any CPU.ActiveCfg = Debug|Any CPU
		{4E873C04-F0A4-44BB-8783-EE5B0D3428F2}.Debug|Any CPU.Build.0 = Debug|Any CPU
		{4E873C04-F0A4-44BB-8783-EE5B0D3428F2}.Release|Any CPU.ActiveCfg = Release|Any CPU
		{4E873C04-F0A4-44BB-8783-EE5B0D3428F2}.Release|Any CPU.Build.0 = Release|Any CPU
		{85D8DE6C-17B7-4A4D-848D-A41B8B91868A}.Debug|Any CPU.ActiveCfg = Debug|Any CPU
		{85D8DE6C-17B7-4A4D-848D-A41B8B91868A}.Debug|Any CPU.Build.0 = Debug|Any CPU
		{85D8DE6C-17B7-4A4D-848D-A41B8B91868A}.Release|Any CPU.ActiveCfg = Release|Any CPU
		{85D8DE6C-17B7-4A4D-848D-A41B8B91868A}.Release|Any CPU.Build.0 = Release|Any CPU
		{0D4901A4-2E8C-42AF-A53B-3D4350845DE2}.Debug|Any CPU.ActiveCfg = Debug|Any CPU
		{0D4901A4-2E8C-42AF-A53B-3D4350845DE2}.Debug|Any CPU.Build.0 = Debug|Any CPU
		{0D4901A4-2E8C-42AF-A53B-3D4350845DE2}.Release|Any CPU.ActiveCfg = Release|Any CPU
		{0D4901A4-2E8C-42AF-A53B-3D4350845DE2}.Release|Any CPU.Build.0 = Release|Any CPU
	EndGlobalSection
	GlobalSection(SolutionProperties) = preSolution
		HideSolutionNode = FALSE
	EndGlobalSection
	GlobalSection(ExtensibilityGlobals) = postSolution
		SolutionGuid = {6C53BAE7-1E1B-467F-9C1B-49C216AA0E83}
	EndGlobalSection
EndGlobal
